
Microsoft Visual Studio Solution File, Format Version 12.00
# Visual Studio 15
VisualStudioVersion = 15.0.27428.2043
MinimumVisualStudioVersion = 10.0.40219.1
Project("{9A19103F-16F7-4668-BE54-9A1E7A4F7556}") = "BashSoft", "BashSoft\BashSoft.csproj", "{A5722CF5-9BD4-4C8B-AC56-0B28C050005D}"
EndProject
Project("{FAE04EC0-301F-11D3-BF4B-00C04F79EFBC}") = "BashSoft.Tests", "BashSoft.Tests\BashSoft.Tests.csproj", "{ADBF3131-85AB-45D6-A3BC-F33AF7CEE6B6}"
EndProject
Global
	GlobalSection(SolutionConfigurationPlatforms) = preSolution
		Debug|Any CPU = Debug|Any CPU
		Release|Any CPU = Release|Any CPU
	EndGlobalSection
	GlobalSection(ProjectConfigurationPlatforms) = postSolution
		{A5722CF5-9BD4-4C8B-AC56-0B28C050005D}.Debug|Any CPU.ActiveCfg = Debug|Any CPU
		{A5722CF5-9BD4-4C8B-AC56-0B28C050005D}.Debug|Any CPU.Build.0 = Debug|Any CPU
		{A5722CF5-9BD4-4C8B-AC56-0B28C050005D}.Release|Any CPU.ActiveCfg = Release|Any CPU
		{A5722CF5-9BD4-4C8B-AC56-0B28C050005D}.Release|Any CPU.Build.0 = Release|Any CPU
		{ADBF3131-85AB-45D6-A3BC-F33AF7CEE6B6}.Debug|Any CPU.ActiveCfg = Debug|Any CPU
		{ADBF3131-85AB-45D6-A3BC-F33AF7CEE6B6}.Debug|Any CPU.Build.0 = Debug|Any CPU
		{ADBF3131-85AB-45D6-A3BC-F33AF7CEE6B6}.Release|Any CPU.ActiveCfg = Release|Any CPU
		{ADBF3131-85AB-45D6-A3BC-F33AF7CEE6B6}.Release|Any CPU.Build.0 = Release|Any CPU
	EndGlobalSection
	GlobalSection(SolutionProperties) = preSolution
		HideSolutionNode = FALSE
	EndGlobalSection
	GlobalSection(ExtensibilityGlobals) = postSolution
		SolutionGuid = {B18AB451-4152-4C25-A658-EB994AC7E7E5}
	EndGlobalSection
EndGlobal
